
Microsoft Visual Studio Solution File, Format Version 12.00
# Visual Studio Version 16
VisualStudioVersion = 16.0.30225.117
MinimumVisualStudioVersion = 10.0.40219.1
Project("{FAE04EC0-301F-11D3-BF4B-00C04F79EFBC}") = "SuperHero", "SuperHero\SuperHero.csproj", "{51E638EA-8FD7-43F5-80D4-94967B0A8F23}"
EndProject
Global
	GlobalSection(SolutionConfigurationPlatforms) = preSolution
		Debug|Any CPU = Debug|Any CPU
		Release|Any CPU = Release|Any CPU
	EndGlobalSection
	GlobalSection(ProjectConfigurationPlatforms) = postSolution
		{51E638EA-8FD7-43F5-80D4-94967B0A8F23}.Debug|Any CPU.ActiveCfg = Debug|Any CPU
		{51E638EA-8FD7-43F5-80D4-94967B0A8F23}.Debug|Any CPU.Build.0 = Debug|Any CPU
		{51E638EA-8FD7-43F5-80D4-94967B0A8F23}.Release|Any CPU.ActiveCfg = Release|Any CPU
		{51E638EA-8FD7-43F5-80D4-94967B0A8F23}.Release|Any CPU.Build.0 = Release|Any CPU
	EndGlobalSection
	GlobalSection(SolutionProperties) = preSolution
		HideSolutionNode = FALSE
	EndGlobalSection
	GlobalSection(ExtensibilityGlobals) = postSolution
		SolutionGuid = {83945D70-8316-462F-9541-29B29768E8A1}
	EndGlobalSection
EndGlobal
